{
  "name": ".kenv",
  "lockfileVersion": 2,
  "requires": true,
  "packages": {
    "": {
      "dependencies": {
        "@johnlindquist/kit": "file:../.kit"
      }
    },
    "../.kit": {
      "version": "0.1.0-beta.50",
      "license": "ISC",
      "dependencies": {
        "@johnlindquist/globals": "^1.7.0",
        "@johnlindquist/kit-internal": "^1.10.1",
        "@types/node-notifier": "^8.0.1",
        "@types/shelljs": "^0.8.9",
        "clipboardy": "^2.3.0",
        "esbuild": "^0.13.8",
        "highlight.js": "^11.3.1",
        "node-ipc": "^10.0.2",
        "node-notifier": "^10.0.0",
        "shelljs": "^0.8.4",
        "trash": "^7.2.0"
      },
      "bin": {
        "kit": "bin/kit",
        "kitblitz": "bin/kitblitz.mjs",
        "sk": "bin/sk"
      },
      "devDependencies": {
        "@types/concurrently": "^6.2.1",
        "@types/debug": "^4.1.7",
        "@types/node": "^16.11.4",
        "@types/node-ipc": "^9.1.5",
        "ava": "^3.15.0",
        "concurrently": "^6.2.1",
        "debug": "^4.3.2",
        "semantic-release": "^17.4.7",
        "semantic-release-plugin-update-version-in-files": "^1.1.0",
        "tsc-watch": "^4.5.0",
        "typedoc": "^0.22.5",
        "typedoc-plugin-markdown": "^3.11.3",
        "typescript": "^4.4.2"
      },
      "engines": {
        "node": ">=14.8.0"
      }
    },
    "node_modules/@johnlindquist/kit": {
      "resolved": "../.kit",
      "link": true
    }
  },
  "dependencies": {
    "@johnlindquist/kit": {
      "version": "file:../.kit",
      "requires": {
        "@johnlindquist/globals": "^1.7.0",
        "@johnlindquist/kit-internal": "^1.10.1",
        "@types/concurrently": "^6.2.1",
        "@types/debug": "^4.1.7",
        "@types/node": "^16.11.4",
        "@types/node-ipc": "^9.1.5",
        "@types/node-notifier": "^8.0.1",
        "@types/shelljs": "^0.8.9",
        "ava": "^3.15.0",
        "clipboardy": "^2.3.0",
        "concurrently": "^6.2.1",
        "debug": "^4.3.2",
        "esbuild": "^0.13.8",
        "highlight.js": "^11.3.1",
        "node-ipc": "^10.0.2",
        "node-notifier": "^10.0.0",
        "semantic-release": "^17.4.7",
        "semantic-release-plugin-update-version-in-files": "^1.1.0",
        "shelljs": "^0.8.4",
        "trash": "^7.2.0",
        "tsc-watch": "^4.5.0",
        "typedoc": "^0.22.5",
        "typedoc-plugin-markdown": "^3.11.3",
        "typescript": "^4.4.2"
      }
    }
  }
}
